
Microsoft Visual Studio Solution File, Format Version 11.00
# Visual Studio 2010
Project("{FAE04EC0-301F-11D3-BF4B-00C04F79EFBC}") = "Assembly-CSharp-firstpass", "Assembly-CSharp-firstpass.csproj", "{96ACA94B-8029-9878-F1AF-9156C7F3E893}"
EndProject
Project("{FAE04EC0-301F-11D3-BF4B-00C04F79EFBC}") = "Assembly-CSharp", "Assembly-CSharp.csproj", "{4CE63E7A-C0C2-561D-EF83-8736EB6CE1BF}"
EndProject
Project("{FAE04EC0-301F-11D3-BF4B-00C04F79EFBC}") = "Assembly-CSharp-Editor", "Assembly-CSharp-Editor.csproj", "{C6769422-6B90-8091-8DBC-83FD9272471C}"
EndProject
Global
	GlobalSection(SolutionConfigurationPlatforms) = preSolution
		Debug|Any CPU = Debug|Any CPU
		Release|Any CPU = Release|Any CPU
	EndGlobalSection
	GlobalSection(ProjectConfigurationPlatforms) = postSolution
		{96ACA94B-8029-9878-F1AF-9156C7F3E893}.Debug|Any CPU.ActiveCfg = Debug|Any CPU
		{96ACA94B-8029-9878-F1AF-9156C7F3E893}.Debug|Any CPU.Build.0 = Debug|Any CPU
		{96ACA94B-8029-9878-F1AF-9156C7F3E893}.Release|Any CPU.ActiveCfg = Release|Any CPU
		{96ACA94B-8029-9878-F1AF-9156C7F3E893}.Release|Any CPU.Build.0 = Release|Any CPU
		{4CE63E7A-C0C2-561D-EF83-8736EB6CE1BF}.Debug|Any CPU.ActiveCfg = Debug|Any CPU
		{4CE63E7A-C0C2-561D-EF83-8736EB6CE1BF}.Debug|Any CPU.Build.0 = Debug|Any CPU
		{4CE63E7A-C0C2-561D-EF83-8736EB6CE1BF}.Release|Any CPU.ActiveCfg = Release|Any CPU
		{4CE63E7A-C0C2-561D-EF83-8736EB6CE1BF}.Release|Any CPU.Build.0 = Release|Any CPU
		{C6769422-6B90-8091-8DBC-83FD9272471C}.Debug|Any CPU.ActiveCfg = Debug|Any CPU
		{C6769422-6B90-8091-8DBC-83FD9272471C}.Debug|Any CPU.Build.0 = Debug|Any CPU
		{C6769422-6B90-8091-8DBC-83FD9272471C}.Release|Any CPU.ActiveCfg = Release|Any CPU
		{C6769422-6B90-8091-8DBC-83FD9272471C}.Release|Any CPU.Build.0 = Release|Any CPU
	EndGlobalSection
	GlobalSection(SolutionProperties) = preSolution
		HideSolutionNode = FALSE
	EndGlobalSection
	GlobalSection(MonoDevelopProperties) = preSolution
		StartupItem = Assembly-CSharp.csproj
	EndGlobalSection
EndGlobal
